
Microsoft Visual Studio Solution File, Format Version 12.00
# Visual Studio Version 16
VisualStudioVersion = 16.0.30907.101
MinimumVisualStudioVersion = 10.0.40219.1
Project("{9A19103F-16F7-4668-BE54-9A1E7A4F7556}") = "SetupReference.API", "src\SetupReference.API\SetupReference.API.csproj", "{2C0CED61-0973-45A4-95E0-712CDFD5264E}"
EndProject
Project("{2150E333-8FDC-42A3-9474-1A3956D46DE8}") = "Tests", "Tests", "{AB5B9E12-C641-450E-B8C5-6667FF9A584E}"
EndProject
Project("{9A19103F-16F7-4668-BE54-9A1E7A4F7556}") = "SetupReference.IntegrationTests", "test\SetupReference.IntegrationTests\SetupReference.IntegrationTests.csproj", "{9522B843-C7F5-492A-9BFA-BB5609903452}"
EndProject
Project("{9A19103F-16F7-4668-BE54-9A1E7A4F7556}") = "SetupReference.UnitTests", "test\SetupReference.UnitTests\SetupReference.UnitTests.csproj", "{67E9E2ED-DA92-4167-B156-EC308521D7DA}"
EndProject
Project("{9A19103F-16F7-4668-BE54-9A1E7A4F7556}") = "SetupReference.Database", "src\SetupReference.Database\SetupReference.Database.csproj", "{125A059E-3AB2-41DF-80FB-BC5ED8EFE3E3}"
EndProject
Global
	GlobalSection(SolutionConfigurationPlatforms) = preSolution
		Debug|Any CPU = Debug|Any CPU
		Release|Any CPU = Release|Any CPU
	EndGlobalSection
	GlobalSection(ProjectConfigurationPlatforms) = postSolution
		{2C0CED61-0973-45A4-95E0-712CDFD5264E}.Debug|Any CPU.ActiveCfg = Debug|Any CPU
		{2C0CED61-0973-45A4-95E0-712CDFD5264E}.Debug|Any CPU.Build.0 = Debug|Any CPU
		{2C0CED61-0973-45A4-95E0-712CDFD5264E}.Release|Any CPU.ActiveCfg = Release|Any CPU
		{2C0CED61-0973-45A4-95E0-712CDFD5264E}.Release|Any CPU.Build.0 = Release|Any CPU
		{9522B843-C7F5-492A-9BFA-BB5609903452}.Debug|Any CPU.ActiveCfg = Debug|Any CPU
		{9522B843-C7F5-492A-9BFA-BB5609903452}.Debug|Any CPU.Build.0 = Debug|Any CPU
		{9522B843-C7F5-492A-9BFA-BB5609903452}.Release|Any CPU.ActiveCfg = Release|Any CPU
		{9522B843-C7F5-492A-9BFA-BB5609903452}.Release|Any CPU.Build.0 = Release|Any CPU
		{67E9E2ED-DA92-4167-B156-EC308521D7DA}.Debug|Any CPU.ActiveCfg = Debug|Any CPU
		{67E9E2ED-DA92-4167-B156-EC308521D7DA}.Debug|Any CPU.Build.0 = Debug|Any CPU
		{67E9E2ED-DA92-4167-B156-EC308521D7DA}.Release|Any CPU.ActiveCfg = Release|Any CPU
		{67E9E2ED-DA92-4167-B156-EC308521D7DA}.Release|Any CPU.Build.0 = Release|Any CPU
		{125A059E-3AB2-41DF-80FB-BC5ED8EFE3E3}.Debug|Any CPU.ActiveCfg = Debug|Any CPU
		{125A059E-3AB2-41DF-80FB-BC5ED8EFE3E3}.Debug|Any CPU.Build.0 = Debug|Any CPU
		{125A059E-3AB2-41DF-80FB-BC5ED8EFE3E3}.Release|Any CPU.ActiveCfg = Release|Any CPU
		{125A059E-3AB2-41DF-80FB-BC5ED8EFE3E3}.Release|Any CPU.Build.0 = Release|Any CPU
	EndGlobalSection
	GlobalSection(SolutionProperties) = preSolution
		HideSolutionNode = FALSE
	EndGlobalSection
	GlobalSection(NestedProjects) = preSolution
		{9522B843-C7F5-492A-9BFA-BB5609903452} = {AB5B9E12-C641-450E-B8C5-6667FF9A584E}
		{67E9E2ED-DA92-4167-B156-EC308521D7DA} = {AB5B9E12-C641-450E-B8C5-6667FF9A584E}
	EndGlobalSection
	GlobalSection(ExtensibilityGlobals) = postSolution
		SolutionGuid = {B663D753-AA81-46F2-9EFC-D5C54EE2B44E}
	EndGlobalSection
EndGlobal
